{
  "name": "flat_stack",
  "version": "1.0.0",
  "lockfileVersion": 1,
  "requires": true,
  "dependencies": {
    "in-array": {
      "version": "0.1.2",
      "resolved": "https://registry.npmjs.org/in-array/-/in-array-0.1.2.tgz",
      "integrity": "sha1-GiaDAJF3q5FK3gYgo1xQOYUfNxU="
    }
  }
}
